
Microsoft Visual Studio Solution File, Format Version 12.00
# Visual Studio Version 16
VisualStudioVersion = 16.0.28803.352
MinimumVisualStudioVersion = 10.0.40219.1
Project("{FAE04EC0-301F-11D3-BF4B-00C04F79EFBC}") = "lesson9SUDOKU", "lesson9SUDOKU\lesson9SUDOKU.csproj", "{6341A3B1-23B4-4142-B760-EF128864453A}"
EndProject
Global
	GlobalSection(SolutionConfigurationPlatforms) = preSolution
		Debug|Any CPU = Debug|Any CPU
		Release|Any CPU = Release|Any CPU
	EndGlobalSection
	GlobalSection(ProjectConfigurationPlatforms) = postSolution
		{6341A3B1-23B4-4142-B760-EF128864453A}.Debug|Any CPU.ActiveCfg = Debug|Any CPU
		{6341A3B1-23B4-4142-B760-EF128864453A}.Debug|Any CPU.Build.0 = Debug|Any CPU
		{6341A3B1-23B4-4142-B760-EF128864453A}.Release|Any CPU.ActiveCfg = Release|Any CPU
		{6341A3B1-23B4-4142-B760-EF128864453A}.Release|Any CPU.Build.0 = Release|Any CPU
	EndGlobalSection
	GlobalSection(SolutionProperties) = preSolution
		HideSolutionNode = FALSE
	EndGlobalSection
	GlobalSection(ExtensibilityGlobals) = postSolution
		SolutionGuid = {04D47899-91F2-4126-91F9-4BAF4A025344}
	EndGlobalSection
EndGlobal
